
Microsoft Visual Studio Solution File, Format Version 12.00
# Visual Studio Version 17
VisualStudioVersion = 17.5.002.0
MinimumVisualStudioVersion = 10.0.40219.1
Project("{9A19103F-16F7-4668-BE54-9A1E7A4F7556}") = "ProyectoCompletoConAzure", "ProyectoCompletoConAzure\ProyectoCompletoConAzure.csproj", "{B788034B-BB77-4400-8EA7-61ED5DA7150E}"
EndProject
Global
	GlobalSection(SolutionConfigurationPlatforms) = preSolution
		Debug|Any CPU = Debug|Any CPU
		Release|Any CPU = Release|Any CPU
	EndGlobalSection
	GlobalSection(ProjectConfigurationPlatforms) = postSolution
		{B788034B-BB77-4400-8EA7-61ED5DA7150E}.Debug|Any CPU.ActiveCfg = Debug|Any CPU
		{B788034B-BB77-4400-8EA7-61ED5DA7150E}.Debug|Any CPU.Build.0 = Debug|Any CPU
		{B788034B-BB77-4400-8EA7-61ED5DA7150E}.Release|Any CPU.ActiveCfg = Release|Any CPU
		{B788034B-BB77-4400-8EA7-61ED5DA7150E}.Release|Any CPU.Build.0 = Release|Any CPU
	EndGlobalSection
	GlobalSection(SolutionProperties) = preSolution
		HideSolutionNode = FALSE
	EndGlobalSection
	GlobalSection(ExtensibilityGlobals) = postSolution
		SolutionGuid = {3D74752C-E269-4915-B190-A3E66E976E26}
	EndGlobalSection
EndGlobal
